github.com/lucasb-eyer/go-colorful v1.2.0 h1:1nnpGOrhyZZuNyfu1QjKiUICQ74+3FNCN69Aj6K7nkY=
github.com/lucasb-eyer/go-colorful v1.2.0/go.mod h1:R4dSotOR9KMtayYi1e77YzuveK+i7ruzyGqttikkLy0=
golang.org/x/net v0.0.0-20220516155154-20f960328961 h1:+W/iTMPG0EL7aW+/atntZwZrvSRIj3m3yX414dSULUU=
golang.org/x/net v0.0.0-20220516155154-20f960328961/go.mod h1:CfG3xpIq0wQ8r1q4Su4UZFWDARRcnwPjda9FqA0JpMk=
